// !$*UTF8*$!
{
	archiveVersion = 1;
	classes = {
	};
	objectVersion = 48;
	objects = {

/* Begin PBXBuildFile section */
		106051EE208451BC001794AD /* AppDelegate.swift in Sources */ = {isa = PBXBuildFile; fileRef = 106051ED208451BC001794AD /* AppDelegate.swift */; };
		106051F0208451BC001794AD /* ViewController.swift in Sources */ = {isa = PBXBuildFile; fileRef = 106051EF208451BC001794AD /* ViewController.swift */; };
		106051F3208451BD001794AD /* Main.storyboard in Resources */ = {isa = PBXBuildFile; fileRef = 106051F1208451BD001794AD /* Main.storyboard */; };
		106051F5208451BD001794AD /* Assets.xcassets in Resources */ = {isa = PBXBuildFile; fileRef = 106051F4208451BD001794AD /* Assets.xcassets */; };
		106051F8208451BD001794AD /* LaunchScreen.storyboard in Resources */ = {isa = PBXBuildFile; fileRef = 106051F6208451BD001794AD /* LaunchScreen.storyboard */; };
		1060520020845F19001794AD /* CollectionHeaderView.swift in Sources */ = {isa = PBXBuildFile; fileRef = 106051FF20845F19001794AD /* CollectionHeaderView.swift */; };
		10605203208465C8001794AD /* CollectionViewCell.swift in Sources */ = {isa = PBXBuildFile; fileRef = 10605202208465C8001794AD /* CollectionViewCell.swift */; };
		10605205208465DD001794AD /* CollectionHeaderView.xib in Resources */ = {isa = PBXBuildFile; fileRef = 10605204208465DD001794AD /* CollectionHeaderView.xib */; };
		10605207208467C9001794AD /* CollectionViewCell.xib in Resources */ = {isa = PBXBuildFile; fileRef = 10605206208467C9001794AD /* CollectionViewCell.xib */; };
/* End PBXBuildFile section */

/* Begin PBXFileReference section */
		106051EA208451BC001794AD /* Design3.app */ = {isa = PBXFileReference; explicitFileType = wrapper.application; includeInIndex = 0; path = Design3.app; sourceTree = BUILT_PRODUCTS_DIR; };
		106051ED208451BC001794AD /* AppDelegate.swift */ = {isa = PBXFileReference; lastKnownFileType = sourcecode.swift; path = AppDelegate.swift; sourceTree = "<group>"; };
		106051EF208451BC001794AD /* ViewController.swift */ = {isa = PBXFileReference; lastKnownFileType = sourcecode.swift; path = ViewController.swift; sourceTree = "<group>"; };
		106051F2208451BD001794AD /* Base */ = {isa = PBXFileReference; lastKnownFileType = file.storyboard; name = Base; path = Base.lproj/Main.storyboard; sourceTree = "<group>"; };
		106051F4208451BD001794AD /* Assets.xcassets */ = {isa = PBXFileReference; lastKnownFileType = folder.assetcatalog; path = Assets.xcassets; sourceTree = "<group>"; };
		106051F7208451BD001794AD /* Base */ = {isa = PBXFileReference; lastKnownFileType = file.storyboard; name = Base; path = Base.lproj/LaunchScreen.storyboard; sourceTree = "<group>"; };
		106051F9208451BD001794AD /* Info.plist */ = {isa = PBXFileReference; lastKnownFileType = text.plist.xml; path = Info.plist; sourceTree = "<group>"; };
		106051FF20845F19001794AD /* CollectionHeaderView.swift */ = {isa = PBXFileReference; lastKnownFileType = sourcecode.swift; path = CollectionHeaderView.swift; sourceTree = "<group>"; };
		10605202208465C8001794AD /* CollectionViewCell.swift */ = {isa = PBXFileReference; lastKnownFileType = sourcecode.swift; path = CollectionViewCell.swift; sourceTree = "<group>"; };
		10605204208465DD001794AD /* CollectionHeaderView.xib */ = {isa = PBXFileReference; lastKnownFileType = file.xib; path = CollectionHeaderView.xib; sourceTree = "<group>"; };
		10605206208467C9001794AD /* CollectionViewCell.xib */ = {isa = PBXFileReference; lastKnownFileType = file.xib; path = CollectionViewCell.xib; sourceTree = "<group>"; };
/* End PBXFileReference section */

/* Begin PBXFrameworksBuildPhase section */
		106051E7208451BC001794AD /* Frameworks */ = {
			isa = PBXFrameworksBuildPhase;
			buildActionMask = 2147483647;
			files = (
			);
			runOnlyForDeploymentPostprocessing = 0;
		};
/* End PBXFrameworksBuildPhase section */

/* Begin PBXGroup section */
		106051E1208451BC001794AD = {
			isa = PBXGroup;
			children = (
				106051EC208451BC001794AD /* Design3 */,
				106051EB208451BC001794AD /* Products */,
			);
			sourceTree = "<group>";
		};
		106051EB208451BC001794AD /* Products */ = {
			isa = PBXGroup;
			children = (
				106051EA208451BC001794AD /* Design3.app */,
			);
			name = Products;
			sourceTree = "<group>";
		};
		106051EC208451BC001794AD /* Design3 */ = {
			isa = PBXGroup;
			children = (
				10E10A3E208836A900BF74BF /* Controllers */,
				1060520120846419001794AD /* Collection Cells */,
				106051ED208451BC001794AD /* AppDelegate.swift */,
				106051F1208451BD001794AD /* Main.storyboard */,
				106051F4208451BD001794AD /* Assets.xcassets */,
				106051F6208451BD001794AD /* LaunchScreen.storyboard */,
				106051F9208451BD001794AD /* Info.plist */,
			);
			path = Design3;
			sourceTree = "<group>";
		};
		1060520120846419001794AD /* Collection Cells */ = {
			isa = PBXGroup;
			children = (
				106051FF20845F19001794AD /* CollectionHeaderView.swift */,
				10605204208465DD001794AD /* CollectionHeaderView.xib */,
				10605202208465C8001794AD /* CollectionViewCell.swift */,
				10605206208467C9001794AD /* CollectionViewCell.xib */,
			);
			path = "Collection Cells";
			sourceTree = "<group>";
		};
		10E10A3E208836A900BF74BF /* Controllers */ = {
			isa = PBXGroup;
			children = (
				106051EF208451BC001794AD /* ViewController.swift */,
			);
			path = Controllers;
			sourceTree = "<group>";
		};
/* End PBXGroup section */

/* Begin PBXNativeTarget section */
		106051E9208451BC001794AD /* Design3 */ = {
			isa = PBXNativeTarget;
			buildConfigurationList = 106051FC208451BD001794AD /* Build configuration list for PBXNativeTarget "Design3" */;
			buildPhases = (
				106051E6208451BC001794AD /* Sources */,
				106051E7208451BC001794AD /* Frameworks */,
				106051E8208451BC001794AD /* Resources */,
			);
			buildRules = (
			);
			dependencies = (
			);
			name = Design3;
			productName = Design3;
			productReference = 106051EA208451BC001794AD /* Design3.app */;
			productType = "com.apple.product-type.application";
		};
/* End PBXNativeTarget section */

/* Begin PBXProject section */
		106051E2208451BC001794AD /* Project object */ = {
			isa = PBXProject;
			attributes = {
				LastSwiftUpdateCheck = 0920;
				LastUpgradeCheck = 0920;
				ORGANIZATIONNAME = LeeX;
				TargetAttributes = {
					106051E9208451BC001794AD = {
						CreatedOnToolsVersion = 9.2;
						ProvisioningStyle = Automatic;
					};
				};
			};
			buildConfigurationList = 106051E5208451BC001794AD /* Build configuration list for PBXProject "Design3" */;
			compatibilityVersion = "Xcode 8.0";
			developmentRegion = en;
			hasScannedForEncodings = 0;
			knownRegions = (
				en,
				Base,
			);
			mainGroup = 106051E1208451BC001794AD;
			productRefGroup = 106051EB208451BC001794AD /* Products */;
			projectDirPath = "";
			projectRoot = "";
			targets = (
				106051E9208451BC001794AD /* Design3 */,
			);
		};
/* End PBXProject section */

/* Begin PBXResourcesBuildPhase section */
		106051E8208451BC001794AD /* Resources */ = {
			isa = PBXResourcesBuildPhase;
			buildActionMask = 2147483647;
			files = (
				106051F8208451BD001794AD /* LaunchScreen.storyboard in Resources */,
				10605205208465DD001794AD /* CollectionHeaderView.xib in Resources */,
				106051F5208451BD001794AD /* Assets.xcassets in Resources */,
				106051F3208451BD001794AD /* Main.storyboard in Resources */,
				10605207208467C9001794AD /* CollectionViewCell.xib in Resources */,
			);
			runOnlyForDeploymentPostprocessing = 0;
		};
/* End PBXResourcesBuildPhase section */

/* Begin PBXSourcesBuildPhase section */
		106051E6208451BC001794AD /* Sources */ = {
			isa = PBXSourcesBuildPhase;
			buildActionMask = 2147483647;
			files = (
				1060520020845F19001794AD /* CollectionHeaderView.swift in Sources */,
				106051F0208451BC001794AD /* ViewController.swift in Sources */,
				10605203208465C8001794AD /* CollectionViewCell.swift in Sources */,
				106051EE208451BC001794AD /* AppDelegate.swift in Sources */,
			);
			runOnlyForDeploymentPostprocessing = 0;
		};
/* End PBXSourcesBuildPhase section */

/* Begin PBXVariantGroup section */
		106051F1208451BD001794AD /* Main.storyboard */ = {
			isa = PBXVariantGroup;
			children = (
				106051F2208451BD001794AD /* Base */,
			);
			name = Main.storyboard;
			sourceTree = "<group>";
		};
		106051F6208451BD001794AD /* LaunchScreen.storyboard */ = {
			isa = PBXVariantGroup;
			children = (
				106051F7208451BD001794AD /* Base */,
			);
			name = LaunchScreen.storyboard;
			sourceTree = "<group>";
		};
/* End PBXVariantGroup section */

/* Begin XCBuildConfiguration section */
		106051FA208451BD001794AD /* Debug */ = {
			isa = XCBuildConfiguration;
			buildSettings = {
				ALWAYS_SEARCH_USER_PATHS = NO;
				CLANG_ANALYZER_NONNULL = YES;
				CLANG_ANALYZER_NUMBER_OBJECT_CONVERSION = YES_AGGRESSIVE;
				CLANG_CXX_LANGUAGE_STANDARD = "gnu++14";
				CLANG_CXX_LIBRARY = "libc++";
				CLANG_ENABLE_MODULES = YES;
				CLANG_ENABLE_OBJC_ARC = YES;
				CLANG_WARN_BLOCK_CAPTURE_AUTORELEASING = YES;
				CLANG_WARN_BOOL_CONVERSION = YES;
				CLANG_WARN_COMMA = YES;
				CLANG_WARN_CONSTANT_CONVERSION = YES;
				CLANG_WARN_DIRECT_OBJC_ISA_USAGE = YES_ERROR;
				CLANG_WARN_DOCUMENTATION_COMMENTS = YES;
				CLANG_WARN_EMPTY_BODY = YES;
				CLANG_WARN_ENUM_CONVERSION = YES;
				CLANG_WARN_INFINITE_RECURSION = YES;
				CLANG_WARN_INT_CONVERSION = YES;
				CLANG_WARN_NON_LITERAL_NULL_CONVERSION = YES;
				CLANG_WARN_OBJC_LITERAL_CONVERSION = YES;
				CLANG_WARN_OBJC_ROOT_CLASS = YES_ERROR;
				CLANG_WARN_RANGE_LOOP_ANALYSIS = YES;
				CLANG_WARN_STRICT_PROTOTYPES = YES;
				CLANG_WARN_SUSPICIOUS_MOVE = YES;
				CLANG_WARN_UNGUARDED_AVAILABILITY = YES_AGGRESSIVE;
				CLANG_WARN_UNREACHABLE_CODE = YES;
				CLANG_WARN__DUPLICATE_METHOD_MATCH = YES;
				CODE_SIGN_IDENTITY = "iPhone Developer";
				COPY_PHASE_STRIP = NO;
				DEBUG_INFORMATION_FORMAT = dwarf;
				ENABLE_STRICT_OBJC_MSGSEND = YES;
				ENABLE_TESTABILITY = YES;
				GCC_C_LANGUAGE_STANDARD = gnu11;
				GCC_DYNAMIC_NO_PIC = NO;
				GCC_NO_COMMON_BLOCKS = YES;
				GCC_OPTIMIZATION_LEVEL = 0;
				GCC_PREPROCESSOR_DEFINITIONS = (
					"DEBUG=1",
					"$(inherited)",
				);
				GCC_WARN_64_TO_32_BIT_CONVERSION = YES;
				GCC_WARN_ABOUT_RETURN_TYPE = YES_ERROR;
				GCC_WARN_UNDECLARED_SELECTOR = YES;
				GCC_WARN_UNINITIALIZED_AUTOS = YES_AGGRESSIVE;
				GCC_WARN_UNUSED_FUNCTION = YES;
				GCC_WARN_UNUSED_VARIABLE = YES;
				IPHONEOS_DEPLOYMENT_TARGET = 11.2;
				MTL_ENABLE_DEBUG_INFO = YES;
				ONLY_ACTIVE_ARCH = YES;
				SDKROOT = iphoneos;
				SWIFT_ACTIVE_COMPILATION_CONDITIONS = DEBUG;
				SWIFT_OPTIMIZATION_LEVEL = "-Onone";
			};
			name = Debug;
		};
		106051FB208451BD001794AD /* Release */ = {
			isa = XCBuildConfiguration;
			buildSettings = {
				ALWAYS_SEARCH_USER_PATHS = NO;
				CLANG_ANALYZER_NONNULL = YES;
				CLANG_ANALYZER_NUMBER_OBJECT_CONVERSION = YES_AGGRESSIVE;
				CLANG_CXX_LANGUAGE_STANDARD = "gnu++14";
				CLANG_CXX_LIBRARY = "libc++";
				CLANG_ENABLE_MODULES = YES;
				CLANG_ENABLE_OBJC_ARC = YES;
				CLANG_WARN_BLOCK_CAPTURE_AUTORELEASING = YES;
				CLANG_WARN_BOOL_CONVERSION = YES;
				CLANG_WARN_COMMA = YES;
				CLANG_WARN_CONSTANT_CONVERSION = YES;
				CLANG_WARN_DIRECT_OBJC_ISA_USAGE = YES_ERROR;
				CLANG_WARN_DOCUMENTATION_COMMENTS = YES;
				CLANG_WARN_EMPTY_BODY = YES;
				CLANG_WARN_ENUM_CONVERSION = YES;
				CLANG_WARN_INFINITE_RECURSION = YES;
				CLANG_WARN_INT_CONVERSION = YES;
				CLANG_WARN_NON_LITERAL_NULL_CONVERSION = YES;
				CLANG_WARN_OBJC_LITERAL_CONVERSION = YES;
				CLANG_WARN_OBJC_ROOT_CLASS = YES_ERROR;
				CLANG_WARN_RANGE_LOOP_ANALYSIS = YES;
				CLANG_WARN_STRICT_PROTOTYPES = YES;
				CLANG_WARN_SUSPICIOUS_MOVE = YES;
				CLANG_WARN_UNGUARDED_AVAILABILITY = YES_AGGRESSIVE;
				CLANG_WARN_UNREACHABLE_CODE = YES;
				CLANG_WARN__DUPLICATE_METHOD_MATCH = YES;
				CODE_SIGN_IDENTITY = "iPhone Developer";
				COPY_PHASE_STRIP = NO;
				DEBUG_INFORMATION_FORMAT = "dwarf-with-dsym";
				ENABLE_NS_ASSERTIONS = NO;
				ENABLE_STRICT_OBJC_MSGSEND = YES;
				GCC_C_LANGUAGE_STANDARD = gnu11;
				GCC_NO_COMMON_BLOCKS = YES;
				GCC_WARN_64_TO_32_BIT_CONVERSION = YES;
				GCC_WARN_ABOUT_RETURN_TYPE = YES_ERROR;
				GCC_WARN_UNDECLARED_SELECTOR = YES;
				GCC_WARN_UNINITIALIZED_AUTOS = YES_AGGRESSIVE;
				GCC_WARN_UNUSED_FUNCTION = YES;
				GCC_WARN_UNUSED_VARIABLE = YES;
				IPHONEOS_DEPLOYMENT_TARGET = 11.2;
				MTL_ENABLE_DEBUG_INFO = NO;
				SDKROOT = iphoneos;
				SWIFT_OPTIMIZATION_LEVEL = "-Owholemodule";
				VALIDATE_PRODUCT = YES;
			};
			name = Release;
		};
		106051FD208451BD001794AD /* Debug */ = {
			isa = XCBuildConfiguration;
			buildSettings = {
				ASSETCATALOG_COMPILER_APPICON_NAME = AppIcon;
				CODE_SIGN_STYLE = Automatic;
				DEVELOPMENT_TEAM = 3KVCFKUZZ6;
				INFOPLIST_FILE = Design3/Info.plist;
				IPHONEOS_DEPLOYMENT_TARGET = 10.0;
				LD_RUNPATH_SEARCH_PATHS = "$(inherited) @executable_path/Frameworks";
				PRODUCT_BUNDLE_IDENTIFIER = LeeX.Design3;
				PRODUCT_NAME = "$(TARGET_NAME)";
				SWIFT_VERSION = 4.0;
				TARGETED_DEVICE_FAMILY = "1,2";
			};
			name = Debug;
		};
		106051FE208451BD001794AD /* Release */ = {
			isa = XCBuildConfiguration;
			buildSettings = {
				ASSETCATALOG_COMPILER_APPICON_NAME = AppIcon;
				CODE_SIGN_STYLE = Automatic;
				DEVELOPMENT_TEAM = 3KVCFKUZZ6;
				INFOPLIST_FILE = Design3/Info.plist;
				IPHONEOS_DEPLOYMENT_TARGET = 10.0;
				LD_RUNPATH_SEARCH_PATHS = "$(inherited) @executable_path/Frameworks";
				PRODUCT_BUNDLE_IDENTIFIER = LeeX.Design3;
				PRODUCT_NAME = "$(TARGET_NAME)";
				SWIFT_VERSION = 4.0;
				TARGETED_DEVICE_FAMILY = "1,2";
			};
			name = Release;
		};
/* End XCBuildConfiguration section */

/* Begin XCConfigurationList section */
		106051E5208451BC001794AD /* Build configuration list for PBXProject "Design3" */ = {
			isa = XCConfigurationList;
			buildConfigurations = (
				106051FA208451BD001794AD /* Debug */,
				106051FB208451BD001794AD /* Release */,
			);
			defaultConfigurationIsVisible = 0;
			defaultConfigurationName = Release;
		};
		106051FC208451BD001794AD /* Build configuration list for PBXNativeTarget "Design3" */ = {
			isa = XCConfigurationList;
			buildConfigurations = (
				106051FD208451BD001794AD /* Debug */,
				106051FE208451BD001794AD /* Release */,
			);
			defaultConfigurationIsVisible = 0;
			defaultConfigurationName = Release;
		};
/* End XCConfigurationList section */
	};
	rootObject = 106051E2208451BC001794AD /* Project object */;
}
